
Microsoft Visual Studio Solution File, Format Version 12.00
# Visual Studio Version 17
VisualStudioVersion = 17.14.36414.22 d17.14
MinimumVisualStudioVersion = 10.0.40219.1
Project("{FAE04EC0-301F-11D3-BF4B-00C04F79EFBC}") = "RotinaBrasileiro.cs", "RotinaBrasileiro.cs\RotinaBrasileiro.cs.csproj", "{303EB9F5-9BB8-4F83-A1E6-D53D6430EE47}"
EndProject
Global
	GlobalSection(SolutionConfigurationPlatforms) = preSolution
		Debug|Any CPU = Debug|Any CPU
		Release|Any CPU = Release|Any CPU
	EndGlobalSection
	GlobalSection(ProjectConfigurationPlatforms) = postSolution
		{303EB9F5-9BB8-4F83-A1E6-D53D6430EE47}.Debug|Any CPU.ActiveCfg = Debug|Any CPU
		{303EB9F5-9BB8-4F83-A1E6-D53D6430EE47}.Debug|Any CPU.Build.0 = Debug|Any CPU
		{303EB9F5-9BB8-4F83-A1E6-D53D6430EE47}.Release|Any CPU.ActiveCfg = Release|Any CPU
		{303EB9F5-9BB8-4F83-A1E6-D53D6430EE47}.Release|Any CPU.Build.0 = Release|Any CPU
	EndGlobalSection
	GlobalSection(SolutionProperties) = preSolution
		HideSolutionNode = FALSE
	EndGlobalSection
	GlobalSection(ExtensibilityGlobals) = postSolution
		SolutionGuid = {1391574B-06B0-4270-998A-AEEE381F3C44}
	EndGlobalSection
EndGlobal
